
Microsoft Visual Studio Solution File, Format Version 12.00
Project("{FAE04EC0-301F-11D3-BF4B-00C04F79EFBC}") = "FiguresSerialize", "FiguresSerialize\FiguresSerialize.csproj", "{F1B7AD36-F6D5-4C6A-9C5B-67A74A7BB3A6}"
EndProject
Global
	GlobalSection(SolutionConfigurationPlatforms) = preSolution
		Debug|Any CPU = Debug|Any CPU
		Release|Any CPU = Release|Any CPU
	EndGlobalSection
	GlobalSection(ProjectConfigurationPlatforms) = postSolution
		{F1B7AD36-F6D5-4C6A-9C5B-67A74A7BB3A6}.Debug|Any CPU.ActiveCfg = Debug|Any CPU
		{F1B7AD36-F6D5-4C6A-9C5B-67A74A7BB3A6}.Debug|Any CPU.Build.0 = Debug|Any CPU
		{F1B7AD36-F6D5-4C6A-9C5B-67A74A7BB3A6}.Release|Any CPU.ActiveCfg = Release|Any CPU
		{F1B7AD36-F6D5-4C6A-9C5B-67A74A7BB3A6}.Release|Any CPU.Build.0 = Release|Any CPU
	EndGlobalSection
EndGlobal
